# THIS IS AN AUTOGENERATED FILE. DO NOT EDIT THIS FILE DIRECTLY.
# yarn lockfile v1


"@types/node@^12.0.8":
  version "12.0.8"
  resolved "https://registry.npm.taobao.org/@types/node/download/@types/node-12.0.8.tgz#551466be11b2adc3f3d47156758f610bd9f6b1d8"
  integrity sha1-VRRmvhGyrcPz1HFWdY9hC9n2sdg=

commander@^2.20.0:
  version "2.20.0"
  resolved "https://registry.npm.taobao.org/commander/download/commander-2.20.0.tgz#d58bb2b5c1ee8f87b0d340027e9e94e222c5a422"
  integrity sha1-1YuytcHuj4ew00ACfp6U4iLFpCI=

typescript@^3.5.2:
  version "3.5.2"
  resolved "https://registry.npm.taobao.org/typescript/download/typescript-3.5.2.tgz#a09e1dc69bc9551cadf17dba10ee42cf55e5d56c"
  integrity sha1-oJ4dxpvJVRyt8X26EO5Cz1Xl1Ww=
